
Microsoft Visual Studio Solution File, Format Version 12.00
Project("{FAE04EC0-301F-11D3-BF4B-00C04F79EFBC}") = "ConsoleApp1", "ConsoleApp1\ConsoleApp1.csproj", "{CB01029B-29DD-4B74-820F-F4C378F2961A}"
EndProject
Global
	GlobalSection(SolutionConfigurationPlatforms) = preSolution
		Debug|Any CPU = Debug|Any CPU
		Release|Any CPU = Release|Any CPU
	EndGlobalSection
	GlobalSection(ProjectConfigurationPlatforms) = postSolution
		{CB01029B-29DD-4B74-820F-F4C378F2961A}.Debug|Any CPU.ActiveCfg = Debug|Any CPU
		{CB01029B-29DD-4B74-820F-F4C378F2961A}.Debug|Any CPU.Build.0 = Debug|Any CPU
		{CB01029B-29DD-4B74-820F-F4C378F2961A}.Release|Any CPU.ActiveCfg = Release|Any CPU
		{CB01029B-29DD-4B74-820F-F4C378F2961A}.Release|Any CPU.Build.0 = Release|Any CPU
	EndGlobalSection
EndGlobal
